
Microsoft Visual Studio Solution File, Format Version 12.00
# Visual Studio 15
VisualStudioVersion = 15.0.28307.572
MinimumVisualStudioVersion = 10.0.40219.1
Project("{FAE04EC0-301F-11D3-BF4B-00C04F79EFBC}") = "TextEditor", "TextEditor\TextEditor.csproj", "{C597D46A-96B9-4AFE-AB0E-2CC38BF83580}"
EndProject
Project("{FAE04EC0-301F-11D3-BF4B-00C04F79EFBC}") = "TextEditor.BisnessLogic", "TextEditor.BisnessLogic\TextEditor.BisnessLogic.csproj", "{88B3159C-AAC5-4BA8-8943-49FCEC6E658F}"
EndProject
Project("{00D1A9C2-B5F0-4AF3-8072-F6C62B433612}") = "TextEditor.Database", "TextEditorDatabase\TextEditor.Database.sqlproj", "{716A774E-2700-4081-83B4-0139F9303A0A}"
EndProject
Project("{FAE04EC0-301F-11D3-BF4B-00C04F79EFBC}") = "TextEditor.EF", "TextEditor.EF\TextEditor.EF.csproj", "{440500CC-F4BF-46FC-80E3-69C3A58DD476}"
EndProject
Global
	GlobalSection(SolutionConfigurationPlatforms) = preSolution
		Debug|Any CPU = Debug|Any CPU
		Release|Any CPU = Release|Any CPU
	EndGlobalSection
	GlobalSection(ProjectConfigurationPlatforms) = postSolution
		{C597D46A-96B9-4AFE-AB0E-2CC38BF83580}.Debug|Any CPU.ActiveCfg = Debug|Any CPU
		{C597D46A-96B9-4AFE-AB0E-2CC38BF83580}.Debug|Any CPU.Build.0 = Debug|Any CPU
		{C597D46A-96B9-4AFE-AB0E-2CC38BF83580}.Release|Any CPU.ActiveCfg = Release|Any CPU
		{C597D46A-96B9-4AFE-AB0E-2CC38BF83580}.Release|Any CPU.Build.0 = Release|Any CPU
		{88B3159C-AAC5-4BA8-8943-49FCEC6E658F}.Debug|Any CPU.ActiveCfg = Debug|Any CPU
		{88B3159C-AAC5-4BA8-8943-49FCEC6E658F}.Debug|Any CPU.Build.0 = Debug|Any CPU
		{88B3159C-AAC5-4BA8-8943-49FCEC6E658F}.Release|Any CPU.ActiveCfg = Release|Any CPU
		{88B3159C-AAC5-4BA8-8943-49FCEC6E658F}.Release|Any CPU.Build.0 = Release|Any CPU
		{716A774E-2700-4081-83B4-0139F9303A0A}.Debug|Any CPU.ActiveCfg = Debug|Any CPU
		{716A774E-2700-4081-83B4-0139F9303A0A}.Debug|Any CPU.Build.0 = Debug|Any CPU
		{716A774E-2700-4081-83B4-0139F9303A0A}.Debug|Any CPU.Deploy.0 = Debug|Any CPU
		{716A774E-2700-4081-83B4-0139F9303A0A}.Release|Any CPU.ActiveCfg = Release|Any CPU
		{716A774E-2700-4081-83B4-0139F9303A0A}.Release|Any CPU.Build.0 = Release|Any CPU
		{716A774E-2700-4081-83B4-0139F9303A0A}.Release|Any CPU.Deploy.0 = Release|Any CPU
		{440500CC-F4BF-46FC-80E3-69C3A58DD476}.Debug|Any CPU.ActiveCfg = Debug|Any CPU
		{440500CC-F4BF-46FC-80E3-69C3A58DD476}.Debug|Any CPU.Build.0 = Debug|Any CPU
		{440500CC-F4BF-46FC-80E3-69C3A58DD476}.Release|Any CPU.ActiveCfg = Release|Any CPU
		{440500CC-F4BF-46FC-80E3-69C3A58DD476}.Release|Any CPU.Build.0 = Release|Any CPU
	EndGlobalSection
	GlobalSection(SolutionProperties) = preSolution
		HideSolutionNode = FALSE
	EndGlobalSection
	GlobalSection(ExtensibilityGlobals) = postSolution
		SolutionGuid = {040ED724-CF2B-487F-9DBB-7D68EA7FB619}
	EndGlobalSection
EndGlobal
